// !$*UTF8*$!
{
	archiveVersion = 1;
	classes = {
	};
	objectVersion = 50;
	objects = {

/* Begin PBXBuildFile section */
		EA89478A2514B8420079E96E /* AppDelegate.swift in Sources */ = {isa = PBXBuildFile; fileRef = EA8947892514B8420079E96E /* AppDelegate.swift */; };
		EA89478C2514B8420079E96E /* SceneDelegate.swift in Sources */ = {isa = PBXBuildFile; fileRef = EA89478B2514B8420079E96E /* SceneDelegate.swift */; };
		EA89478E2514B8420079E96E /* MapViewController.swift in Sources */ = {isa = PBXBuildFile; fileRef = EA89478D2514B8420079E96E /* MapViewController.swift */; };
		EA8947912514B8420079E96E /* Main.storyboard in Resources */ = {isa = PBXBuildFile; fileRef = EA89478F2514B8420079E96E /* Main.storyboard */; };
		EA8947932514B8430079E96E /* Assets.xcassets in Resources */ = {isa = PBXBuildFile; fileRef = EA8947922514B8430079E96E /* Assets.xcassets */; };
		EA8947962514B8430079E96E /* LaunchScreen.storyboard in Resources */ = {isa = PBXBuildFile; fileRef = EA8947942514B8430079E96E /* LaunchScreen.storyboard */; };
		EA8947A32514E10C0079E96E /* EmotionCell.swift in Sources */ = {isa = PBXBuildFile; fileRef = EA8947A22514E10C0079E96E /* EmotionCell.swift */; };
		EA8947A72514E3BF0079E96E /* Theme.swift in Sources */ = {isa = PBXBuildFile; fileRef = EA8947A62514E3BF0079E96E /* Theme.swift */; };
		EA8947AB2514F2260079E96E /* Themes.swift in Sources */ = {isa = PBXBuildFile; fileRef = EA8947AA2514F2260079E96E /* Themes.swift */; };
/* End PBXBuildFile section */

/* Begin PBXFileReference section */
		EA8947862514B8420079E96E /* VK Emotion Map (Vezdekod).app */ = {isa = PBXFileReference; explicitFileType = wrapper.application; includeInIndex = 0; path = "VK Emotion Map (Vezdekod).app"; sourceTree = BUILT_PRODUCTS_DIR; };
		EA8947892514B8420079E96E /* AppDelegate.swift */ = {isa = PBXFileReference; lastKnownFileType = sourcecode.swift; path = AppDelegate.swift; sourceTree = "<group>"; };
		EA89478B2514B8420079E96E /* SceneDelegate.swift */ = {isa = PBXFileReference; lastKnownFileType = sourcecode.swift; path = SceneDelegate.swift; sourceTree = "<group>"; };
		EA89478D2514B8420079E96E /* MapViewController.swift */ = {isa = PBXFileReference; lastKnownFileType = sourcecode.swift; path = MapViewController.swift; sourceTree = "<group>"; };
		EA8947902514B8420079E96E /* Base */ = {isa = PBXFileReference; lastKnownFileType = file.storyboard; name = Base; path = Base.lproj/Main.storyboard; sourceTree = "<group>"; };
		EA8947922514B8430079E96E /* Assets.xcassets */ = {isa = PBXFileReference; lastKnownFileType = folder.assetcatalog; path = Assets.xcassets; sourceTree = "<group>"; };
		EA8947952514B8430079E96E /* Base */ = {isa = PBXFileReference; lastKnownFileType = file.storyboard; name = Base; path = Base.lproj/LaunchScreen.storyboard; sourceTree = "<group>"; };
		EA8947972514B8430079E96E /* Info.plist */ = {isa = PBXFileReference; lastKnownFileType = text.plist.xml; path = Info.plist; sourceTree = "<group>"; };
		EA8947A22514E10C0079E96E /* EmotionCell.swift */ = {isa = PBXFileReference; lastKnownFileType = sourcecode.swift; path = EmotionCell.swift; sourceTree = "<group>"; };
		EA8947A62514E3BF0079E96E /* Theme.swift */ = {isa = PBXFileReference; lastKnownFileType = sourcecode.swift; path = Theme.swift; sourceTree = "<group>"; };
		EA8947AA2514F2260079E96E /* Themes.swift */ = {isa = PBXFileReference; lastKnownFileType = sourcecode.swift; path = Themes.swift; sourceTree = "<group>"; };
/* End PBXFileReference section */

/* Begin PBXFrameworksBuildPhase section */
		EA8947832514B8410079E96E /* Frameworks */ = {
			isa = PBXFrameworksBuildPhase;
			buildActionMask = 2147483647;
			files = (
			);
			runOnlyForDeploymentPostprocessing = 0;
		};
/* End PBXFrameworksBuildPhase section */

/* Begin PBXGroup section */
		EA89477D2514B8410079E96E = {
			isa = PBXGroup;
			children = (
				EA8947882514B8420079E96E /* VK Emotion Map (Vezdekod) */,
				EA8947872514B8420079E96E /* Products */,
			);
			sourceTree = "<group>";
		};
		EA8947872514B8420079E96E /* Products */ = {
			isa = PBXGroup;
			children = (
				EA8947862514B8420079E96E /* VK Emotion Map (Vezdekod).app */,
			);
			name = Products;
			sourceTree = "<group>";
		};
		EA8947882514B8420079E96E /* VK Emotion Map (Vezdekod) */ = {
			isa = PBXGroup;
			children = (
				EA8947A82514E4110079E96E /* Models */,
				EA89479F2514C0BA0079E96E /* Views */,
				EA89479E2514C0B40079E96E /* Controllers */,
				EA8947A02514C0D10079E96E /* Resources */,
				EA89479D2514C09C0079E96E /* Application */,
				EA8947A12514C0DC0079E96E /* Configuration */,
			);
			path = "VK Emotion Map (Vezdekod)";
			sourceTree = "<group>";
		};
		EA89479D2514C09C0079E96E /* Application */ = {
			isa = PBXGroup;
			children = (
				EA8947892514B8420079E96E /* AppDelegate.swift */,
				EA89478B2514B8420079E96E /* SceneDelegate.swift */,
			);
			path = Application;
			sourceTree = "<group>";
		};
		EA89479E2514C0B40079E96E /* Controllers */ = {
			isa = PBXGroup;
			children = (
				EA89478D2514B8420079E96E /* MapViewController.swift */,
			);
			path = Controllers;
			sourceTree = "<group>";
		};
		EA89479F2514C0BA0079E96E /* Views */ = {
			isa = PBXGroup;
			children = (
				EA8947A92514E56E0079E96E /* Cells */,
				EA89478F2514B8420079E96E /* Main.storyboard */,
			);
			path = Views;
			sourceTree = "<group>";
		};
		EA8947A02514C0D10079E96E /* Resources */ = {
			isa = PBXGroup;
			children = (
				EA8947AA2514F2260079E96E /* Themes.swift */,
				EA8947922514B8430079E96E /* Assets.xcassets */,
				EA8947942514B8430079E96E /* LaunchScreen.storyboard */,
			);
			path = Resources;
			sourceTree = "<group>";
		};
		EA8947A12514C0DC0079E96E /* Configuration */ = {
			isa = PBXGroup;
			children = (
				EA8947972514B8430079E96E /* Info.plist */,
			);
			path = Configuration;
			sourceTree = "<group>";
		};
		EA8947A82514E4110079E96E /* Models */ = {
			isa = PBXGroup;
			children = (
				EA8947A62514E3BF0079E96E /* Theme.swift */,
			);
			path = Models;
			sourceTree = "<group>";
		};
		EA8947A92514E56E0079E96E /* Cells */ = {
			isa = PBXGroup;
			children = (
				EA8947A22514E10C0079E96E /* EmotionCell.swift */,
			);
			path = Cells;
			sourceTree = "<group>";
		};
/* End PBXGroup section */

/* Begin PBXNativeTarget section */
		EA8947852514B8410079E96E /* VK Emotion Map (Vezdekod) */ = {
			isa = PBXNativeTarget;
			buildConfigurationList = EA89479A2514B8430079E96E /* Build configuration list for PBXNativeTarget "VK Emotion Map (Vezdekod)" */;
			buildPhases = (
				EA8947822514B8410079E96E /* Sources */,
				EA8947832514B8410079E96E /* Frameworks */,
				EA8947842514B8410079E96E /* Resources */,
			);
			buildRules = (
			);
			dependencies = (
			);
			name = "VK Emotion Map (Vezdekod)";
			productName = "VK Emotion Map (Vezdekod)";
			productReference = EA8947862514B8420079E96E /* VK Emotion Map (Vezdekod).app */;
			productType = "com.apple.product-type.application";
		};
/* End PBXNativeTarget section */

/* Begin PBXProject section */
		EA89477E2514B8410079E96E /* Project object */ = {
			isa = PBXProject;
			attributes = {
				LastSwiftUpdateCheck = 1170;
				LastUpgradeCheck = 1170;
				ORGANIZATIONNAME = AlexislogS;
				TargetAttributes = {
					EA8947852514B8410079E96E = {
						CreatedOnToolsVersion = 11.7;
					};
				};
			};
			buildConfigurationList = EA8947812514B8410079E96E /* Build configuration list for PBXProject "VK Emotion Map (Vezdekod)" */;
			compatibilityVersion = "Xcode 9.3";
			developmentRegion = en;
			hasScannedForEncodings = 0;
			knownRegions = (
				en,
				Base,
			);
			mainGroup = EA89477D2514B8410079E96E;
			productRefGroup = EA8947872514B8420079E96E /* Products */;
			projectDirPath = "";
			projectRoot = "";
			targets = (
				EA8947852514B8410079E96E /* VK Emotion Map (Vezdekod) */,
			);
		};
/* End PBXProject section */

/* Begin PBXResourcesBuildPhase section */
		EA8947842514B8410079E96E /* Resources */ = {
			isa = PBXResourcesBuildPhase;
			buildActionMask = 2147483647;
			files = (
				EA8947962514B8430079E96E /* LaunchScreen.storyboard in Resources */,
				EA8947932514B8430079E96E /* Assets.xcassets in Resources */,
				EA8947912514B8420079E96E /* Main.storyboard in Resources */,
			);
			runOnlyForDeploymentPostprocessing = 0;
		};
/* End PBXResourcesBuildPhase section */

/* Begin PBXSourcesBuildPhase section */
		EA8947822514B8410079E96E /* Sources */ = {
			isa = PBXSourcesBuildPhase;
			buildActionMask = 2147483647;
			files = (
				EA89478E2514B8420079E96E /* MapViewController.swift in Sources */,
				EA89478A2514B8420079E96E /* AppDelegate.swift in Sources */,
				EA8947A72514E3BF0079E96E /* Theme.swift in Sources */,
				EA8947AB2514F2260079E96E /* Themes.swift in Sources */,
				EA89478C2514B8420079E96E /* SceneDelegate.swift in Sources */,
				EA8947A32514E10C0079E96E /* EmotionCell.swift in Sources */,
			);
			runOnlyForDeploymentPostprocessing = 0;
		};
/* End PBXSourcesBuildPhase section */

/* Begin PBXVariantGroup section */
		EA89478F2514B8420079E96E /* Main.storyboard */ = {
			isa = PBXVariantGroup;
			children = (
				EA8947902514B8420079E96E /* Base */,
			);
			name = Main.storyboard;
			sourceTree = "<group>";
		};
		EA8947942514B8430079E96E /* LaunchScreen.storyboard */ = {
			isa = PBXVariantGroup;
			children = (
				EA8947952514B8430079E96E /* Base */,
			);
			name = LaunchScreen.storyboard;
			sourceTree = "<group>";
		};
/* End PBXVariantGroup section */

/* Begin XCBuildConfiguration section */
		EA8947982514B8430079E96E /* Debug */ = {
			isa = XCBuildConfiguration;
			buildSettings = {
				ALWAYS_SEARCH_USER_PATHS = NO;
				CLANG_ANALYZER_NONNULL = YES;
				CLANG_ANALYZER_NUMBER_OBJECT_CONVERSION = YES_AGGRESSIVE;
				CLANG_CXX_LANGUAGE_STANDARD = "gnu++14";
				CLANG_CXX_LIBRARY = "libc++";
				CLANG_ENABLE_MODULES = YES;
				CLANG_ENABLE_OBJC_ARC = YES;
				CLANG_ENABLE_OBJC_WEAK = YES;
				CLANG_WARN_BLOCK_CAPTURE_AUTORELEASING = YES;
				CLANG_WARN_BOOL_CONVERSION = YES;
				CLANG_WARN_COMMA = YES;
				CLANG_WARN_CONSTANT_CONVERSION = YES;
				CLANG_WARN_DEPRECATED_OBJC_IMPLEMENTATIONS = YES;
				CLANG_WARN_DIRECT_OBJC_ISA_USAGE = YES_ERROR;
				CLANG_WARN_DOCUMENTATION_COMMENTS = YES;
				CLANG_WARN_EMPTY_BODY = YES;
				CLANG_WARN_ENUM_CONVERSION = YES;
				CLANG_WARN_INFINITE_RECURSION = YES;
				CLANG_WARN_INT_CONVERSION = YES;
				CLANG_WARN_NON_LITERAL_NULL_CONVERSION = YES;
				CLANG_WARN_OBJC_IMPLICIT_RETAIN_SELF = YES;
				CLANG_WARN_OBJC_LITERAL_CONVERSION = YES;
				CLANG_WARN_OBJC_ROOT_CLASS = YES_ERROR;
				CLANG_WARN_RANGE_LOOP_ANALYSIS = YES;
				CLANG_WARN_STRICT_PROTOTYPES = YES;
				CLANG_WARN_SUSPICIOUS_MOVE = YES;
				CLANG_WARN_UNGUARDED_AVAILABILITY = YES_AGGRESSIVE;
				CLANG_WARN_UNREACHABLE_CODE = YES;
				CLANG_WARN__DUPLICATE_METHOD_MATCH = YES;
				COPY_PHASE_STRIP = NO;
				DEBUG_INFORMATION_FORMAT = dwarf;
				ENABLE_STRICT_OBJC_MSGSEND = YES;
				ENABLE_TESTABILITY = YES;
				GCC_C_LANGUAGE_STANDARD = gnu11;
				GCC_DYNAMIC_NO_PIC = NO;
				GCC_NO_COMMON_BLOCKS = YES;
				GCC_OPTIMIZATION_LEVEL = 0;
				GCC_PREPROCESSOR_DEFINITIONS = (
					"DEBUG=1",
					"$(inherited)",
				);
				GCC_WARN_64_TO_32_BIT_CONVERSION = YES;
				GCC_WARN_ABOUT_RETURN_TYPE = YES_ERROR;
				GCC_WARN_UNDECLARED_SELECTOR = YES;
				GCC_WARN_UNINITIALIZED_AUTOS = YES_AGGRESSIVE;
				GCC_WARN_UNUSED_FUNCTION = YES;
				GCC_WARN_UNUSED_VARIABLE = YES;
				IPHONEOS_DEPLOYMENT_TARGET = 13.7;
				MTL_ENABLE_DEBUG_INFO = INCLUDE_SOURCE;
				MTL_FAST_MATH = YES;
				ONLY_ACTIVE_ARCH = YES;
				SDKROOT = iphoneos;
				SWIFT_ACTIVE_COMPILATION_CONDITIONS = DEBUG;
				SWIFT_OPTIMIZATION_LEVEL = "-Onone";
			};
			name = Debug;
		};
		EA8947992514B8430079E96E /* Release */ = {
			isa = XCBuildConfiguration;
			buildSettings = {
				ALWAYS_SEARCH_USER_PATHS = NO;
				CLANG_ANALYZER_NONNULL = YES;
				CLANG_ANALYZER_NUMBER_OBJECT_CONVERSION = YES_AGGRESSIVE;
				CLANG_CXX_LANGUAGE_STANDARD = "gnu++14";
				CLANG_CXX_LIBRARY = "libc++";
				CLANG_ENABLE_MODULES = YES;
				CLANG_ENABLE_OBJC_ARC = YES;
				CLANG_ENABLE_OBJC_WEAK = YES;
				CLANG_WARN_BLOCK_CAPTURE_AUTORELEASING = YES;
				CLANG_WARN_BOOL_CONVERSION = YES;
				CLANG_WARN_COMMA = YES;
				CLANG_WARN_CONSTANT_CONVERSION = YES;
				CLANG_WARN_DEPRECATED_OBJC_IMPLEMENTATIONS = YES;
				CLANG_WARN_DIRECT_OBJC_ISA_USAGE = YES_ERROR;
				CLANG_WARN_DOCUMENTATION_COMMENTS = YES;
				CLANG_WARN_EMPTY_BODY = YES;
				CLANG_WARN_ENUM_CONVERSION = YES;
				CLANG_WARN_INFINITE_RECURSION = YES;
				CLANG_WARN_INT_CONVERSION = YES;
				CLANG_WARN_NON_LITERAL_NULL_CONVERSION = YES;
				CLANG_WARN_OBJC_IMPLICIT_RETAIN_SELF = YES;
				CLANG_WARN_OBJC_LITERAL_CONVERSION = YES;
				CLANG_WARN_OBJC_ROOT_CLASS = YES_ERROR;
				CLANG_WARN_RANGE_LOOP_ANALYSIS = YES;
				CLANG_WARN_STRICT_PROTOTYPES = YES;
				CLANG_WARN_SUSPICIOUS_MOVE = YES;
				CLANG_WARN_UNGUARDED_AVAILABILITY = YES_AGGRESSIVE;
				CLANG_WARN_UNREACHABLE_CODE = YES;
				CLANG_WARN__DUPLICATE_METHOD_MATCH = YES;
				COPY_PHASE_STRIP = NO;
				DEBUG_INFORMATION_FORMAT = "dwarf-with-dsym";
				ENABLE_NS_ASSERTIONS = NO;
				ENABLE_STRICT_OBJC_MSGSEND = YES;
				GCC_C_LANGUAGE_STANDARD = gnu11;
				GCC_NO_COMMON_BLOCKS = YES;
				GCC_WARN_64_TO_32_BIT_CONVERSION = YES;
				GCC_WARN_ABOUT_RETURN_TYPE = YES_ERROR;
				GCC_WARN_UNDECLARED_SELECTOR = YES;
				GCC_WARN_UNINITIALIZED_AUTOS = YES_AGGRESSIVE;
				GCC_WARN_UNUSED_FUNCTION = YES;
				GCC_WARN_UNUSED_VARIABLE = YES;
				IPHONEOS_DEPLOYMENT_TARGET = 13.7;
				MTL_ENABLE_DEBUG_INFO = NO;
				MTL_FAST_MATH = YES;
				SDKROOT = iphoneos;
				SWIFT_COMPILATION_MODE = wholemodule;
				SWIFT_OPTIMIZATION_LEVEL = "-O";
				VALIDATE_PRODUCT = YES;
			};
			name = Release;
		};
		EA89479B2514B8430079E96E /* Debug */ = {
			isa = XCBuildConfiguration;
			buildSettings = {
				ASSETCATALOG_COMPILER_APPICON_NAME = AppIcon;
				CODE_SIGN_STYLE = Automatic;
				DEVELOPMENT_TEAM = UG5F626PKK;
				INFOPLIST_FILE = "$(SRCROOT)/VK Emotion Map (Vezdekod)/Configuration/Info.plist";
				LD_RUNPATH_SEARCH_PATHS = (
					"$(inherited)",
					"@executable_path/Frameworks",
				);
				PRODUCT_BUNDLE_IDENTIFIER = "AS.VK-Emotion-Map--Vezdekod-";
				PRODUCT_NAME = "$(TARGET_NAME)";
				SWIFT_VERSION = 5.0;
				TARGETED_DEVICE_FAMILY = "1,2";
			};
			name = Debug;
		};
		EA89479C2514B8430079E96E /* Release */ = {
			isa = XCBuildConfiguration;
			buildSettings = {
				ASSETCATALOG_COMPILER_APPICON_NAME = AppIcon;
				CODE_SIGN_STYLE = Automatic;
				DEVELOPMENT_TEAM = UG5F626PKK;
				INFOPLIST_FILE = "$(SRCROOT)/VK Emotion Map (Vezdekod)/Configuration/Info.plist";
				LD_RUNPATH_SEARCH_PATHS = (
					"$(inherited)",
					"@executable_path/Frameworks",
				);
				PRODUCT_BUNDLE_IDENTIFIER = "AS.VK-Emotion-Map--Vezdekod-";
				PRODUCT_NAME = "$(TARGET_NAME)";
				SWIFT_VERSION = 5.0;
				TARGETED_DEVICE_FAMILY = "1,2";
			};
			name = Release;
		};
/* End XCBuildConfiguration section */

/* Begin XCConfigurationList section */
		EA8947812514B8410079E96E /* Build configuration list for PBXProject "VK Emotion Map (Vezdekod)" */ = {
			isa = XCConfigurationList;
			buildConfigurations = (
				EA8947982514B8430079E96E /* Debug */,
				EA8947992514B8430079E96E /* Release */,
			);
			defaultConfigurationIsVisible = 0;
			defaultConfigurationName = Release;
		};
		EA89479A2514B8430079E96E /* Build configuration list for PBXNativeTarget "VK Emotion Map (Vezdekod)" */ = {
			isa = XCConfigurationList;
			buildConfigurations = (
				EA89479B2514B8430079E96E /* Debug */,
				EA89479C2514B8430079E96E /* Release */,
			);
			defaultConfigurationIsVisible = 0;
			defaultConfigurationName = Release;
		};
/* End XCConfigurationList section */
	};
	rootObject = EA89477E2514B8410079E96E /* Project object */;
}
